
Microsoft Visual Studio Solution File, Format Version 12.00
# Visual Studio Version 16
VisualStudioVersion = 16.0.29123.88
MinimumVisualStudioVersion = 10.0.40219.1
Project("{00D1A9C2-B5F0-4AF3-8072-F6C62B433612}") = "ShoppingBirdData", "ShoppingBirdData\ShoppingBirdData.sqlproj", "{D803828B-3041-4988-8A34-AC8DFEE51261}"
EndProject
Project("{9A19103F-16F7-4668-BE54-9A1E7A4F7556}") = "ShoppingBird.Fly", "ShoppingBird.Fly\ShoppingBird.Fly.csproj", "{D6170A9C-83AD-43A9-A782-1B52F3C42AC5}"
EndProject
Project("{FAE04EC0-301F-11D3-BF4B-00C04F79EFBC}") = "Shopping.Desktop", "DXApplication1\Shopping.Desktop\Shopping.Desktop.csproj", "{EAF54B4E-27CF-4FF2-A484-C2696AD7A176}"
EndProject
Global
	GlobalSection(SolutionConfigurationPlatforms) = preSolution
		Debug|Any CPU = Debug|Any CPU
		Debug|iPhone = Debug|iPhone
		Debug|iPhoneSimulator = Debug|iPhoneSimulator
		Debug|x64 = Debug|x64
		Release|Any CPU = Release|Any CPU
		Release|iPhone = Release|iPhone
		Release|iPhoneSimulator = Release|iPhoneSimulator
		Release|x64 = Release|x64
	EndGlobalSection
	GlobalSection(ProjectConfigurationPlatforms) = postSolution
		{D803828B-3041-4988-8A34-AC8DFEE51261}.Debug|Any CPU.ActiveCfg = Debug|Any CPU
		{D803828B-3041-4988-8A34-AC8DFEE51261}.Debug|Any CPU.Build.0 = Debug|Any CPU
		{D803828B-3041-4988-8A34-AC8DFEE51261}.Debug|Any CPU.Deploy.0 = Debug|Any CPU
		{D803828B-3041-4988-8A34-AC8DFEE51261}.Debug|iPhone.ActiveCfg = Debug|Any CPU
		{D803828B-3041-4988-8A34-AC8DFEE51261}.Debug|iPhone.Build.0 = Debug|Any CPU
		{D803828B-3041-4988-8A34-AC8DFEE51261}.Debug|iPhone.Deploy.0 = Debug|Any CPU
		{D803828B-3041-4988-8A34-AC8DFEE51261}.Debug|iPhoneSimulator.ActiveCfg = Debug|Any CPU
		{D803828B-3041-4988-8A34-AC8DFEE51261}.Debug|iPhoneSimulator.Build.0 = Debug|Any CPU
		{D803828B-3041-4988-8A34-AC8DFEE51261}.Debug|iPhoneSimulator.Deploy.0 = Debug|Any CPU
		{D803828B-3041-4988-8A34-AC8DFEE51261}.Debug|x64.ActiveCfg = Debug|x64
		{D803828B-3041-4988-8A34-AC8DFEE51261}.Debug|x64.Build.0 = Debug|x64
		{D803828B-3041-4988-8A34-AC8DFEE51261}.Debug|x64.Deploy.0 = Debug|x64
		{D803828B-3041-4988-8A34-AC8DFEE51261}.Release|Any CPU.ActiveCfg = Release|Any CPU
		{D803828B-3041-4988-8A34-AC8DFEE51261}.Release|Any CPU.Build.0 = Release|Any CPU
		{D803828B-3041-4988-8A34-AC8DFEE51261}.Release|Any CPU.Deploy.0 = Release|Any CPU
		{D803828B-3041-4988-8A34-AC8DFEE51261}.Release|iPhone.ActiveCfg = Release|Any CPU
		{D803828B-3041-4988-8A34-AC8DFEE51261}.Release|iPhone.Build.0 = Release|Any CPU
		{D803828B-3041-4988-8A34-AC8DFEE51261}.Release|iPhone.Deploy.0 = Release|Any CPU
		{D803828B-3041-4988-8A34-AC8DFEE51261}.Release|iPhoneSimulator.ActiveCfg = Release|Any CPU
		{D803828B-3041-4988-8A34-AC8DFEE51261}.Release|iPhoneSimulator.Build.0 = Release|Any CPU
		{D803828B-3041-4988-8A34-AC8DFEE51261}.Release|iPhoneSimulator.Deploy.0 = Release|Any CPU
		{D803828B-3041-4988-8A34-AC8DFEE51261}.Release|x64.ActiveCfg = Release|x64
		{D803828B-3041-4988-8A34-AC8DFEE51261}.Release|x64.Build.0 = Release|x64
		{D803828B-3041-4988-8A34-AC8DFEE51261}.Release|x64.Deploy.0 = Release|x64
		{D6170A9C-83AD-43A9-A782-1B52F3C42AC5}.Debug|Any CPU.ActiveCfg = Debug|Any CPU
		{D6170A9C-83AD-43A9-A782-1B52F3C42AC5}.Debug|Any CPU.Build.0 = Debug|Any CPU
		{D6170A9C-83AD-43A9-A782-1B52F3C42AC5}.Debug|iPhone.ActiveCfg = Debug|Any CPU
		{D6170A9C-83AD-43A9-A782-1B52F3C42AC5}.Debug|iPhone.Build.0 = Debug|Any CPU
		{D6170A9C-83AD-43A9-A782-1B52F3C42AC5}.Debug|iPhoneSimulator.ActiveCfg = Debug|Any CPU
		{D6170A9C-83AD-43A9-A782-1B52F3C42AC5}.Debug|iPhoneSimulator.Build.0 = Debug|Any CPU
		{D6170A9C-83AD-43A9-A782-1B52F3C42AC5}.Debug|x64.ActiveCfg = Debug|x64
		{D6170A9C-83AD-43A9-A782-1B52F3C42AC5}.Debug|x64.Build.0 = Debug|x64
		{D6170A9C-83AD-43A9-A782-1B52F3C42AC5}.Release|Any CPU.ActiveCfg = Release|Any CPU
		{D6170A9C-83AD-43A9-A782-1B52F3C42AC5}.Release|Any CPU.Build.0 = Release|Any CPU
		{D6170A9C-83AD-43A9-A782-1B52F3C42AC5}.Release|iPhone.ActiveCfg = Release|Any CPU
		{D6170A9C-83AD-43A9-A782-1B52F3C42AC5}.Release|iPhone.Build.0 = Release|Any CPU
		{D6170A9C-83AD-43A9-A782-1B52F3C42AC5}.Release|iPhoneSimulator.ActiveCfg = Release|Any CPU
		{D6170A9C-83AD-43A9-A782-1B52F3C42AC5}.Release|iPhoneSimulator.Build.0 = Release|Any CPU
		{D6170A9C-83AD-43A9-A782-1B52F3C42AC5}.Release|x64.ActiveCfg = Release|x64
		{D6170A9C-83AD-43A9-A782-1B52F3C42AC5}.Release|x64.Build.0 = Release|x64
		{EAF54B4E-27CF-4FF2-A484-C2696AD7A176}.Debug|Any CPU.ActiveCfg = Debug|Any CPU
		{EAF54B4E-27CF-4FF2-A484-C2696AD7A176}.Debug|Any CPU.Build.0 = Debug|Any CPU
		{EAF54B4E-27CF-4FF2-A484-C2696AD7A176}.Debug|iPhone.ActiveCfg = Debug|Any CPU
		{EAF54B4E-27CF-4FF2-A484-C2696AD7A176}.Debug|iPhone.Build.0 = Debug|Any CPU
		{EAF54B4E-27CF-4FF2-A484-C2696AD7A176}.Debug|iPhoneSimulator.ActiveCfg = Debug|Any CPU
		{EAF54B4E-27CF-4FF2-A484-C2696AD7A176}.Debug|iPhoneSimulator.Build.0 = Debug|Any CPU
		{EAF54B4E-27CF-4FF2-A484-C2696AD7A176}.Debug|x64.ActiveCfg = Debug|Any CPU
		{EAF54B4E-27CF-4FF2-A484-C2696AD7A176}.Debug|x64.Build.0 = Debug|Any CPU
		{EAF54B4E-27CF-4FF2-A484-C2696AD7A176}.Release|Any CPU.ActiveCfg = Release|Any CPU
		{EAF54B4E-27CF-4FF2-A484-C2696AD7A176}.Release|Any CPU.Build.0 = Release|Any CPU
		{EAF54B4E-27CF-4FF2-A484-C2696AD7A176}.Release|iPhone.ActiveCfg = Release|Any CPU
		{EAF54B4E-27CF-4FF2-A484-C2696AD7A176}.Release|iPhone.Build.0 = Release|Any CPU
		{EAF54B4E-27CF-4FF2-A484-C2696AD7A176}.Release|iPhoneSimulator.ActiveCfg = Release|Any CPU
		{EAF54B4E-27CF-4FF2-A484-C2696AD7A176}.Release|iPhoneSimulator.Build.0 = Release|Any CPU
		{EAF54B4E-27CF-4FF2-A484-C2696AD7A176}.Release|x64.ActiveCfg = Release|Any CPU
		{EAF54B4E-27CF-4FF2-A484-C2696AD7A176}.Release|x64.Build.0 = Release|Any CPU
	EndGlobalSection
	GlobalSection(SolutionProperties) = preSolution
		HideSolutionNode = FALSE
	EndGlobalSection
	GlobalSection(ExtensibilityGlobals) = postSolution
		SolutionGuid = {CC83B31A-E8F8-42A7-8A9E-C3E45217FE4F}
	EndGlobalSection
EndGlobal
