
Microsoft Visual Studio Solution File, Format Version 12.00
# Visual Studio Version 16
VisualStudioVersion = 16.0.29123.88
MinimumVisualStudioVersion = 10.0.40219.1
Project("{00D1A9C2-B5F0-4AF3-8072-F6C62B433612}") = "ShoppingBirdData", "ShoppingBirdData\ShoppingBirdData.sqlproj", "{D803828B-3041-4988-8A34-AC8DFEE51261}"
EndProject
Project("{F184B08F-C81C-45F6-A57F-5ABD9991F28F}") = "ShoppingBirdDesktopUI", "ShoppingBirdDesktopUI\ShoppingBirdDesktopUI.vbproj", "{01B34CC5-E60E-4B07-9867-FB278D26DA3D}"
EndProject
Project("{9A19103F-16F7-4668-BE54-9A1E7A4F7556}") = "ShoppingBird.Fly", "ShoppingBird.Fly\ShoppingBird.Fly.csproj", "{D6170A9C-83AD-43A9-A782-1B52F3C42AC5}"
EndProject
Project("{FAE04EC0-301F-11D3-BF4B-00C04F79EFBC}") = "ShoppingBird.Mobile.Android", "ShoppingBird.Mobile\ShoppingBird.Mobile.Android\ShoppingBird.Mobile.Android.csproj", "{757C5567-B607-4ADD-BE86-519E63F591BD}"
EndProject
Project("{9A19103F-16F7-4668-BE54-9A1E7A4F7556}") = "ShoppingBird.Mobile", "ShoppingBird.Mobile\ShoppingBird.Mobile\ShoppingBird.Mobile.csproj", "{A2D2553B-C7AD-4400-824B-3848CEA78D73}"
EndProject
Project("{FAE04EC0-301F-11D3-BF4B-00C04F79EFBC}") = "Shopping.Desktop", "DXApplication1\Shopping.Desktop\Shopping.Desktop.csproj", "{EAF54B4E-27CF-4FF2-A484-C2696AD7A176}"
EndProject
Global
	GlobalSection(SolutionConfigurationPlatforms) = preSolution
		Debug|Any CPU = Debug|Any CPU
		Debug|iPhone = Debug|iPhone
		Debug|iPhoneSimulator = Debug|iPhoneSimulator
		Debug|x64 = Debug|x64
		Release|Any CPU = Release|Any CPU
		Release|iPhone = Release|iPhone
		Release|iPhoneSimulator = Release|iPhoneSimulator
		Release|x64 = Release|x64
	EndGlobalSection
	GlobalSection(ProjectConfigurationPlatforms) = postSolution
		{D803828B-3041-4988-8A34-AC8DFEE51261}.Debug|Any CPU.ActiveCfg = Debug|Any CPU
		{D803828B-3041-4988-8A34-AC8DFEE51261}.Debug|Any CPU.Build.0 = Debug|Any CPU
		{D803828B-3041-4988-8A34-AC8DFEE51261}.Debug|Any CPU.Deploy.0 = Debug|Any CPU
		{D803828B-3041-4988-8A34-AC8DFEE51261}.Debug|iPhone.ActiveCfg = Debug|Any CPU
		{D803828B-3041-4988-8A34-AC8DFEE51261}.Debug|iPhone.Build.0 = Debug|Any CPU
		{D803828B-3041-4988-8A34-AC8DFEE51261}.Debug|iPhone.Deploy.0 = Debug|Any CPU
		{D803828B-3041-4988-8A34-AC8DFEE51261}.Debug|iPhoneSimulator.ActiveCfg = Debug|Any CPU
		{D803828B-3041-4988-8A34-AC8DFEE51261}.Debug|iPhoneSimulator.Build.0 = Debug|Any CPU
		{D803828B-3041-4988-8A34-AC8DFEE51261}.Debug|iPhoneSimulator.Deploy.0 = Debug|Any CPU
		{D803828B-3041-4988-8A34-AC8DFEE51261}.Debug|x64.ActiveCfg = Debug|x64
		{D803828B-3041-4988-8A34-AC8DFEE51261}.Debug|x64.Build.0 = Debug|x64
		{D803828B-3041-4988-8A34-AC8DFEE51261}.Debug|x64.Deploy.0 = Debug|x64
		{D803828B-3041-4988-8A34-AC8DFEE51261}.Release|Any CPU.ActiveCfg = Release|Any CPU
		{D803828B-3041-4988-8A34-AC8DFEE51261}.Release|Any CPU.Build.0 = Release|Any CPU
		{D803828B-3041-4988-8A34-AC8DFEE51261}.Release|Any CPU.Deploy.0 = Release|Any CPU
		{D803828B-3041-4988-8A34-AC8DFEE51261}.Release|iPhone.ActiveCfg = Release|Any CPU
		{D803828B-3041-4988-8A34-AC8DFEE51261}.Release|iPhone.Build.0 = Release|Any CPU
		{D803828B-3041-4988-8A34-AC8DFEE51261}.Release|iPhone.Deploy.0 = Release|Any CPU
		{D803828B-3041-4988-8A34-AC8DFEE51261}.Release|iPhoneSimulator.ActiveCfg = Release|Any CPU
		{D803828B-3041-4988-8A34-AC8DFEE51261}.Release|iPhoneSimulator.Build.0 = Release|Any CPU
		{D803828B-3041-4988-8A34-AC8DFEE51261}.Release|iPhoneSimulator.Deploy.0 = Release|Any CPU
		{D803828B-3041-4988-8A34-AC8DFEE51261}.Release|x64.ActiveCfg = Release|x64
		{D803828B-3041-4988-8A34-AC8DFEE51261}.Release|x64.Build.0 = Release|x64
		{D803828B-3041-4988-8A34-AC8DFEE51261}.Release|x64.Deploy.0 = Release|x64
		{01B34CC5-E60E-4B07-9867-FB278D26DA3D}.Debug|Any CPU.ActiveCfg = Debug|Any CPU
		{01B34CC5-E60E-4B07-9867-FB278D26DA3D}.Debug|Any CPU.Build.0 = Debug|Any CPU
		{01B34CC5-E60E-4B07-9867-FB278D26DA3D}.Debug|iPhone.ActiveCfg = Debug|Any CPU
		{01B34CC5-E60E-4B07-9867-FB278D26DA3D}.Debug|iPhone.Build.0 = Debug|Any CPU
		{01B34CC5-E60E-4B07-9867-FB278D26DA3D}.Debug|iPhoneSimulator.ActiveCfg = Debug|Any CPU
		{01B34CC5-E60E-4B07-9867-FB278D26DA3D}.Debug|iPhoneSimulator.Build.0 = Debug|Any CPU
		{01B34CC5-E60E-4B07-9867-FB278D26DA3D}.Debug|x64.ActiveCfg = Debug|x64
		{01B34CC5-E60E-4B07-9867-FB278D26DA3D}.Debug|x64.Build.0 = Debug|x64
		{01B34CC5-E60E-4B07-9867-FB278D26DA3D}.Release|Any CPU.ActiveCfg = Release|Any CPU
		{01B34CC5-E60E-4B07-9867-FB278D26DA3D}.Release|Any CPU.Build.0 = Release|Any CPU
		{01B34CC5-E60E-4B07-9867-FB278D26DA3D}.Release|iPhone.ActiveCfg = Release|Any CPU
		{01B34CC5-E60E-4B07-9867-FB278D26DA3D}.Release|iPhone.Build.0 = Release|Any CPU
		{01B34CC5-E60E-4B07-9867-FB278D26DA3D}.Release|iPhoneSimulator.ActiveCfg = Release|Any CPU
		{01B34CC5-E60E-4B07-9867-FB278D26DA3D}.Release|iPhoneSimulator.Build.0 = Release|Any CPU
		{01B34CC5-E60E-4B07-9867-FB278D26DA3D}.Release|x64.ActiveCfg = Release|x64
		{01B34CC5-E60E-4B07-9867-FB278D26DA3D}.Release|x64.Build.0 = Release|x64
		{D6170A9C-83AD-43A9-A782-1B52F3C42AC5}.Debug|Any CPU.ActiveCfg = Debug|Any CPU
		{D6170A9C-83AD-43A9-A782-1B52F3C42AC5}.Debug|Any CPU.Build.0 = Debug|Any CPU
		{D6170A9C-83AD-43A9-A782-1B52F3C42AC5}.Debug|iPhone.ActiveCfg = Debug|Any CPU
		{D6170A9C-83AD-43A9-A782-1B52F3C42AC5}.Debug|iPhone.Build.0 = Debug|Any CPU
		{D6170A9C-83AD-43A9-A782-1B52F3C42AC5}.Debug|iPhoneSimulator.ActiveCfg = Debug|Any CPU
		{D6170A9C-83AD-43A9-A782-1B52F3C42AC5}.Debug|iPhoneSimulator.Build.0 = Debug|Any CPU
		{D6170A9C-83AD-43A9-A782-1B52F3C42AC5}.Debug|x64.ActiveCfg = Debug|x64
		{D6170A9C-83AD-43A9-A782-1B52F3C42AC5}.Debug|x64.Build.0 = Debug|x64
		{D6170A9C-83AD-43A9-A782-1B52F3C42AC5}.Release|Any CPU.ActiveCfg = Release|Any CPU
		{D6170A9C-83AD-43A9-A782-1B52F3C42AC5}.Release|Any CPU.Build.0 = Release|Any CPU
		{D6170A9C-83AD-43A9-A782-1B52F3C42AC5}.Release|iPhone.ActiveCfg = Release|Any CPU
		{D6170A9C-83AD-43A9-A782-1B52F3C42AC5}.Release|iPhone.Build.0 = Release|Any CPU
		{D6170A9C-83AD-43A9-A782-1B52F3C42AC5}.Release|iPhoneSimulator.ActiveCfg = Release|Any CPU
		{D6170A9C-83AD-43A9-A782-1B52F3C42AC5}.Release|iPhoneSimulator.Build.0 = Release|Any CPU
		{D6170A9C-83AD-43A9-A782-1B52F3C42AC5}.Release|x64.ActiveCfg = Release|x64
		{D6170A9C-83AD-43A9-A782-1B52F3C42AC5}.Release|x64.Build.0 = Release|x64
		{757C5567-B607-4ADD-BE86-519E63F591BD}.Debug|Any CPU.ActiveCfg = Debug|Any CPU
		{757C5567-B607-4ADD-BE86-519E63F591BD}.Debug|Any CPU.Build.0 = Debug|Any CPU
		{757C5567-B607-4ADD-BE86-519E63F591BD}.Debug|Any CPU.Deploy.0 = Debug|Any CPU
		{757C5567-B607-4ADD-BE86-519E63F591BD}.Debug|iPhone.ActiveCfg = Debug|Any CPU
		{757C5567-B607-4ADD-BE86-519E63F591BD}.Debug|iPhone.Build.0 = Debug|Any CPU
		{757C5567-B607-4ADD-BE86-519E63F591BD}.Debug|iPhone.Deploy.0 = Debug|Any CPU
		{757C5567-B607-4ADD-BE86-519E63F591BD}.Debug|iPhoneSimulator.ActiveCfg = Debug|Any CPU
		{757C5567-B607-4ADD-BE86-519E63F591BD}.Debug|iPhoneSimulator.Build.0 = Debug|Any CPU
		{757C5567-B607-4ADD-BE86-519E63F591BD}.Debug|iPhoneSimulator.Deploy.0 = Debug|Any CPU
		{757C5567-B607-4ADD-BE86-519E63F591BD}.Debug|x64.ActiveCfg = Debug|x64
		{757C5567-B607-4ADD-BE86-519E63F591BD}.Debug|x64.Build.0 = Debug|x64
		{757C5567-B607-4ADD-BE86-519E63F591BD}.Debug|x64.Deploy.0 = Debug|x64
		{757C5567-B607-4ADD-BE86-519E63F591BD}.Release|Any CPU.ActiveCfg = Release|Any CPU
		{757C5567-B607-4ADD-BE86-519E63F591BD}.Release|Any CPU.Build.0 = Release|Any CPU
		{757C5567-B607-4ADD-BE86-519E63F591BD}.Release|Any CPU.Deploy.0 = Release|Any CPU
		{757C5567-B607-4ADD-BE86-519E63F591BD}.Release|iPhone.ActiveCfg = Release|Any CPU
		{757C5567-B607-4ADD-BE86-519E63F591BD}.Release|iPhone.Build.0 = Release|Any CPU
		{757C5567-B607-4ADD-BE86-519E63F591BD}.Release|iPhone.Deploy.0 = Release|Any CPU
		{757C5567-B607-4ADD-BE86-519E63F591BD}.Release|iPhoneSimulator.ActiveCfg = Release|Any CPU
		{757C5567-B607-4ADD-BE86-519E63F591BD}.Release|iPhoneSimulator.Build.0 = Release|Any CPU
		{757C5567-B607-4ADD-BE86-519E63F591BD}.Release|iPhoneSimulator.Deploy.0 = Release|Any CPU
		{757C5567-B607-4ADD-BE86-519E63F591BD}.Release|x64.ActiveCfg = Release|x64
		{757C5567-B607-4ADD-BE86-519E63F591BD}.Release|x64.Build.0 = Release|x64
		{757C5567-B607-4ADD-BE86-519E63F591BD}.Release|x64.Deploy.0 = Release|x64
		{A2D2553B-C7AD-4400-824B-3848CEA78D73}.Debug|Any CPU.ActiveCfg = Debug|Any CPU
		{A2D2553B-C7AD-4400-824B-3848CEA78D73}.Debug|Any CPU.Build.0 = Debug|Any CPU
		{A2D2553B-C7AD-4400-824B-3848CEA78D73}.Debug|iPhone.ActiveCfg = Debug|Any CPU
		{A2D2553B-C7AD-4400-824B-3848CEA78D73}.Debug|iPhone.Build.0 = Debug|Any CPU
		{A2D2553B-C7AD-4400-824B-3848CEA78D73}.Debug|iPhoneSimulator.ActiveCfg = Debug|Any CPU
		{A2D2553B-C7AD-4400-824B-3848CEA78D73}.Debug|iPhoneSimulator.Build.0 = Debug|Any CPU
		{A2D2553B-C7AD-4400-824B-3848CEA78D73}.Debug|x64.ActiveCfg = Debug|x64
		{A2D2553B-C7AD-4400-824B-3848CEA78D73}.Debug|x64.Build.0 = Debug|x64
		{A2D2553B-C7AD-4400-824B-3848CEA78D73}.Release|Any CPU.ActiveCfg = Release|Any CPU
		{A2D2553B-C7AD-4400-824B-3848CEA78D73}.Release|Any CPU.Build.0 = Release|Any CPU
		{A2D2553B-C7AD-4400-824B-3848CEA78D73}.Release|iPhone.ActiveCfg = Release|Any CPU
		{A2D2553B-C7AD-4400-824B-3848CEA78D73}.Release|iPhone.Build.0 = Release|Any CPU
		{A2D2553B-C7AD-4400-824B-3848CEA78D73}.Release|iPhoneSimulator.ActiveCfg = Release|Any CPU
		{A2D2553B-C7AD-4400-824B-3848CEA78D73}.Release|iPhoneSimulator.Build.0 = Release|Any CPU
		{A2D2553B-C7AD-4400-824B-3848CEA78D73}.Release|x64.ActiveCfg = Release|x64
		{A2D2553B-C7AD-4400-824B-3848CEA78D73}.Release|x64.Build.0 = Release|x64
		{EAF54B4E-27CF-4FF2-A484-C2696AD7A176}.Debug|Any CPU.ActiveCfg = Debug|Any CPU
		{EAF54B4E-27CF-4FF2-A484-C2696AD7A176}.Debug|Any CPU.Build.0 = Debug|Any CPU
		{EAF54B4E-27CF-4FF2-A484-C2696AD7A176}.Debug|iPhone.ActiveCfg = Debug|Any CPU
		{EAF54B4E-27CF-4FF2-A484-C2696AD7A176}.Debug|iPhone.Build.0 = Debug|Any CPU
		{EAF54B4E-27CF-4FF2-A484-C2696AD7A176}.Debug|iPhoneSimulator.ActiveCfg = Debug|Any CPU
		{EAF54B4E-27CF-4FF2-A484-C2696AD7A176}.Debug|iPhoneSimulator.Build.0 = Debug|Any CPU
		{EAF54B4E-27CF-4FF2-A484-C2696AD7A176}.Debug|x64.ActiveCfg = Debug|Any CPU
		{EAF54B4E-27CF-4FF2-A484-C2696AD7A176}.Debug|x64.Build.0 = Debug|Any CPU
		{EAF54B4E-27CF-4FF2-A484-C2696AD7A176}.Release|Any CPU.ActiveCfg = Release|Any CPU
		{EAF54B4E-27CF-4FF2-A484-C2696AD7A176}.Release|Any CPU.Build.0 = Release|Any CPU
		{EAF54B4E-27CF-4FF2-A484-C2696AD7A176}.Release|iPhone.ActiveCfg = Release|Any CPU
		{EAF54B4E-27CF-4FF2-A484-C2696AD7A176}.Release|iPhone.Build.0 = Release|Any CPU
		{EAF54B4E-27CF-4FF2-A484-C2696AD7A176}.Release|iPhoneSimulator.ActiveCfg = Release|Any CPU
		{EAF54B4E-27CF-4FF2-A484-C2696AD7A176}.Release|iPhoneSimulator.Build.0 = Release|Any CPU
		{EAF54B4E-27CF-4FF2-A484-C2696AD7A176}.Release|x64.ActiveCfg = Release|Any CPU
		{EAF54B4E-27CF-4FF2-A484-C2696AD7A176}.Release|x64.Build.0 = Release|Any CPU
	EndGlobalSection
	GlobalSection(SolutionProperties) = preSolution
		HideSolutionNode = FALSE
	EndGlobalSection
	GlobalSection(ExtensibilityGlobals) = postSolution
		SolutionGuid = {CC83B31A-E8F8-42A7-8A9E-C3E45217FE4F}
	EndGlobalSection
EndGlobal
